
Microsoft Visual Studio Solution File, Format Version 12.00
# Visual Studio 15
VisualStudioVersion = 15.0.28307.168
MinimumVisualStudioVersion = 10.0.40219.1
Project("{8BC9CEB8-8B4A-11D0-8D11-00A0C91BC942}") = "1002", "1002\1002.vcxproj", "{0D0322BA-FA6E-4AD6-9046-6D2408A9B51F}"
EndProject
Global
	GlobalSection(SolutionConfigurationPlatforms) = preSolution
		Debug|x64 = Debug|x64
		Debug|x86 = Debug|x86
		Release|x64 = Release|x64
		Release|x86 = Release|x86
	EndGlobalSection
	GlobalSection(ProjectConfigurationPlatforms) = postSolution
		{0D0322BA-FA6E-4AD6-9046-6D2408A9B51F}.Debug|x64.ActiveCfg = Debug|x64
		{0D0322BA-FA6E-4AD6-9046-6D2408A9B51F}.Debug|x64.Build.0 = Debug|x64
		{0D0322BA-FA6E-4AD6-9046-6D2408A9B51F}.Debug|x86.ActiveCfg = Debug|Win32
		{0D0322BA-FA6E-4AD6-9046-6D2408A9B51F}.Debug|x86.Build.0 = Debug|Win32
		{0D0322BA-FA6E-4AD6-9046-6D2408A9B51F}.Release|x64.ActiveCfg = Release|x64
		{0D0322BA-FA6E-4AD6-9046-6D2408A9B51F}.Release|x64.Build.0 = Release|x64
		{0D0322BA-FA6E-4AD6-9046-6D2408A9B51F}.Release|x86.ActiveCfg = Release|Win32
		{0D0322BA-FA6E-4AD6-9046-6D2408A9B51F}.Release|x86.Build.0 = Release|Win32
	EndGlobalSection
	GlobalSection(SolutionProperties) = preSolution
		HideSolutionNode = FALSE
	EndGlobalSection
	GlobalSection(ExtensibilityGlobals) = postSolution
		SolutionGuid = {2FCE949D-B859-4564-AD32-9F0F35EDFA92}
	EndGlobalSection
EndGlobal
