
Microsoft Visual Studio Solution File, Format Version 12.00
# Visual Studio 15
VisualStudioVersion = 15.0.28307.168
MinimumVisualStudioVersion = 10.0.40219.1
Project("{8BC9CEB8-8B4A-11D0-8D11-00A0C91BC942}") = "1009", "1009\1009.vcxproj", "{4FD98D61-64A5-4E61-A3D8-6CD3477E2182}"
EndProject
Global
	GlobalSection(SolutionConfigurationPlatforms) = preSolution
		Debug|x64 = Debug|x64
		Debug|x86 = Debug|x86
		Release|x64 = Release|x64
		Release|x86 = Release|x86
	EndGlobalSection
	GlobalSection(ProjectConfigurationPlatforms) = postSolution
		{4FD98D61-64A5-4E61-A3D8-6CD3477E2182}.Debug|x64.ActiveCfg = Debug|x64
		{4FD98D61-64A5-4E61-A3D8-6CD3477E2182}.Debug|x64.Build.0 = Debug|x64
		{4FD98D61-64A5-4E61-A3D8-6CD3477E2182}.Debug|x86.ActiveCfg = Debug|Win32
		{4FD98D61-64A5-4E61-A3D8-6CD3477E2182}.Debug|x86.Build.0 = Debug|Win32
		{4FD98D61-64A5-4E61-A3D8-6CD3477E2182}.Release|x64.ActiveCfg = Release|x64
		{4FD98D61-64A5-4E61-A3D8-6CD3477E2182}.Release|x64.Build.0 = Release|x64
		{4FD98D61-64A5-4E61-A3D8-6CD3477E2182}.Release|x86.ActiveCfg = Release|Win32
		{4FD98D61-64A5-4E61-A3D8-6CD3477E2182}.Release|x86.Build.0 = Release|Win32
	EndGlobalSection
	GlobalSection(SolutionProperties) = preSolution
		HideSolutionNode = FALSE
	EndGlobalSection
	GlobalSection(ExtensibilityGlobals) = postSolution
		SolutionGuid = {DEA6C8B2-E6D8-46CE-A5D9-4C0093A5D005}
	EndGlobalSection
EndGlobal
